
Microsoft Visual Studio Solution File, Format Version 11.00
# Visual Studio 2010
Project("{FAE04EC0-301F-11D3-BF4B-00C04F79EFBC}") = "Attempt1MathCalculation", "Attempt1MathCalculation\Attempt1MathCalculation.csproj", "{75184FE4-C50E-42AD-B2BE-A6112AC8FB58}"
EndProject
Project("{FAE04EC0-301F-11D3-BF4B-00C04F79EFBC}") = "MathTest", "MathTest\MathTest.csproj", "{2F7AEAAD-9F6E-464D-BF5E-816719DC117B}"
EndProject
Project("{2150E333-8FDC-42A3-9474-1A3956D46DE8}") = "Solution Items", "Solution Items", "{99FE6D72-FDFC-46D8-85C0-5411161BDFB0}"
	ProjectSection(SolutionItems) = preProject
		Attempt1MathCalculation.vsmdi = Attempt1MathCalculation.vsmdi
		Local.testsettings = Local.testsettings
		TraceAndTestImpact.testsettings = TraceAndTestImpact.testsettings
	EndProjectSection
EndProject
Global
	GlobalSection(TestCaseManagementSettings) = postSolution
		CategoryFile = Attempt1MathCalculation.vsmdi
	EndGlobalSection
	GlobalSection(SolutionConfigurationPlatforms) = preSolution
		Debug|Any CPU = Debug|Any CPU
		Debug|Mixed Platforms = Debug|Mixed Platforms
		Debug|x86 = Debug|x86
		Release|Any CPU = Release|Any CPU
		Release|Mixed Platforms = Release|Mixed Platforms
		Release|x86 = Release|x86
	EndGlobalSection
	GlobalSection(ProjectConfigurationPlatforms) = postSolution
		{75184FE4-C50E-42AD-B2BE-A6112AC8FB58}.Debug|Any CPU.ActiveCfg = Debug|x86
		{75184FE4-C50E-42AD-B2BE-A6112AC8FB58}.Debug|Mixed Platforms.ActiveCfg = Debug|x86
		{75184FE4-C50E-42AD-B2BE-A6112AC8FB58}.Debug|Mixed Platforms.Build.0 = Debug|x86
		{75184FE4-C50E-42AD-B2BE-A6112AC8FB58}.Debug|x86.ActiveCfg = Debug|x86
		{75184FE4-C50E-42AD-B2BE-A6112AC8FB58}.Debug|x86.Build.0 = Debug|x86
		{75184FE4-C50E-42AD-B2BE-A6112AC8FB58}.Release|Any CPU.ActiveCfg = Release|x86
		{75184FE4-C50E-42AD-B2BE-A6112AC8FB58}.Release|Mixed Platforms.ActiveCfg = Release|x86
		{75184FE4-C50E-42AD-B2BE-A6112AC8FB58}.Release|Mixed Platforms.Build.0 = Release|x86
		{75184FE4-C50E-42AD-B2BE-A6112AC8FB58}.Release|x86.ActiveCfg = Release|x86
		{75184FE4-C50E-42AD-B2BE-A6112AC8FB58}.Release|x86.Build.0 = Release|x86
		{2F7AEAAD-9F6E-464D-BF5E-816719DC117B}.Debug|Any CPU.ActiveCfg = Debug|Any CPU
		{2F7AEAAD-9F6E-464D-BF5E-816719DC117B}.Debug|Any CPU.Build.0 = Debug|Any CPU
		{2F7AEAAD-9F6E-464D-BF5E-816719DC117B}.Debug|Mixed Platforms.ActiveCfg = Debug|Any CPU
		{2F7AEAAD-9F6E-464D-BF5E-816719DC117B}.Debug|Mixed Platforms.Build.0 = Debug|Any CPU
		{2F7AEAAD-9F6E-464D-BF5E-816719DC117B}.Debug|x86.ActiveCfg = Debug|Any CPU
		{2F7AEAAD-9F6E-464D-BF5E-816719DC117B}.Release|Any CPU.ActiveCfg = Release|Any CPU
		{2F7AEAAD-9F6E-464D-BF5E-816719DC117B}.Release|Any CPU.Build.0 = Release|Any CPU
		{2F7AEAAD-9F6E-464D-BF5E-816719DC117B}.Release|Mixed Platforms.ActiveCfg = Release|Any CPU
		{2F7AEAAD-9F6E-464D-BF5E-816719DC117B}.Release|Mixed Platforms.Build.0 = Release|Any CPU
		{2F7AEAAD-9F6E-464D-BF5E-816719DC117B}.Release|x86.ActiveCfg = Release|Any CPU
	EndGlobalSection
	GlobalSection(SolutionProperties) = preSolution
		HideSolutionNode = FALSE
	EndGlobalSection
EndGlobal
